
Microsoft Visual Studio Solution File, Format Version 12.00
# Visual Studio 15
VisualStudioVersion = 15.0.27703.2035
MinimumVisualStudioVersion = 10.0.40219.1
Project("{8BC9CEB8-8B4A-11D0-8D11-00A0C91BC942}") = "code", "code\code.vcxproj", "{EE867D71-B353-419B-8284-2F1CF58A4058}"
EndProject
Project("{8BC9CEB8-8B4A-11D0-8D11-00A0C91BC942}") = "codeut", "codeut\codeut.vcxproj", "{D32EA1E4-E567-4C37-9751-A2180A282784}"
EndProject
Global
	GlobalSection(SolutionConfigurationPlatforms) = preSolution
		Debug|x64 = Debug|x64
		Debug|x86 = Debug|x86
		Release|x64 = Release|x64
		Release|x86 = Release|x86
	EndGlobalSection
	GlobalSection(ProjectConfigurationPlatforms) = postSolution
		{EE867D71-B353-419B-8284-2F1CF58A4058}.Debug|x64.ActiveCfg = Debug|x64
		{EE867D71-B353-419B-8284-2F1CF58A4058}.Debug|x64.Build.0 = Debug|x64
		{EE867D71-B353-419B-8284-2F1CF58A4058}.Debug|x86.ActiveCfg = Debug|Win32
		{EE867D71-B353-419B-8284-2F1CF58A4058}.Debug|x86.Build.0 = Debug|Win32
		{EE867D71-B353-419B-8284-2F1CF58A4058}.Release|x64.ActiveCfg = Release|x64
		{EE867D71-B353-419B-8284-2F1CF58A4058}.Release|x64.Build.0 = Release|x64
		{EE867D71-B353-419B-8284-2F1CF58A4058}.Release|x86.ActiveCfg = Release|Win32
		{EE867D71-B353-419B-8284-2F1CF58A4058}.Release|x86.Build.0 = Release|Win32
		{D32EA1E4-E567-4C37-9751-A2180A282784}.Debug|x64.ActiveCfg = Debug|x64
		{D32EA1E4-E567-4C37-9751-A2180A282784}.Debug|x64.Build.0 = Debug|x64
		{D32EA1E4-E567-4C37-9751-A2180A282784}.Debug|x86.ActiveCfg = Debug|Win32
		{D32EA1E4-E567-4C37-9751-A2180A282784}.Debug|x86.Build.0 = Debug|Win32
		{D32EA1E4-E567-4C37-9751-A2180A282784}.Release|x64.ActiveCfg = Release|x64
		{D32EA1E4-E567-4C37-9751-A2180A282784}.Release|x64.Build.0 = Release|x64
		{D32EA1E4-E567-4C37-9751-A2180A282784}.Release|x86.ActiveCfg = Release|Win32
		{D32EA1E4-E567-4C37-9751-A2180A282784}.Release|x86.Build.0 = Release|Win32
	EndGlobalSection
	GlobalSection(SolutionProperties) = preSolution
		HideSolutionNode = FALSE
	EndGlobalSection
	GlobalSection(ExtensibilityGlobals) = postSolution
		SolutionGuid = {4EB069EE-E021-4C17-9C0B-0572BFD90CE1}
	EndGlobalSection
EndGlobal
